
Microsoft Visual Studio Solution File, Format Version 12.00
# Visual Studio 2013
VisualStudioVersion = 12.0.30723.0
MinimumVisualStudioVersion = 10.0.40219.1
Project("{2150E333-8FDC-42A3-9474-1A3956D46DE8}") = "01.Presentation(展现层)", "01.Presentation(展现层)", "{76A86BB3-3831-45B5-BF9F-949C16E7DC20}"
EndProject
Project("{2150E333-8FDC-42A3-9474-1A3956D46DE8}") = "02.Application(站点应用层)", "02.Application(站点应用层)", "{2811D9D2-38AC-4361-91C6-77A27E59D23E}"
EndProject
Project("{2150E333-8FDC-42A3-9474-1A3956D46DE8}") = "03.Core(业务核心层)", "03.Core(业务核心层)", "{C0E900EA-002F-47C2-835C-F62ECC5EED17}"
EndProject
Project("{2150E333-8FDC-42A3-9474-1A3956D46DE8}") = "04.Infrastructure(基础设施层)", "04.Infrastructure(基础设施层)", "{4AF6BFA9-A653-40DE-BD38-A1F7AB54705B}"
EndProject
Project("{FAE04EC0-301F-11D3-BF4B-00C04F79EFBC}") = "Admin.Component.Data", "Admin.Component.Data\Admin.Component.Data.csproj", "{6308FB5E-1639-43B9-8130-7A46F71B2458}"
EndProject
Project("{FAE04EC0-301F-11D3-BF4B-00C04F79EFBC}") = "Admin.Compoent.Tool", "Admin.Compoent.Tool\Admin.Compoent.Tool.csproj", "{B2C146C5-1A81-4C9F-A9E8-CD220DD0D45D}"
EndProject
Project("{FAE04EC0-301F-11D3-BF4B-00C04F79EFBC}") = "Admin.Demo.Core.Models", "Admin.Demo.Core.Models\Admin.Demo.Core.Models.csproj", "{C839A87A-7A69-4018-96CE-D469BF2748AC}"
EndProject
Project("{FAE04EC0-301F-11D3-BF4B-00C04F79EFBC}") = "Admin.Demo.Core.Data", "Admin.Demo.Core.Data\Admin.Demo.Core.Data.csproj", "{AC12686F-0EE8-469F-AFE8-56BC84EB52C3}"
EndProject
Project("{FAE04EC0-301F-11D3-BF4B-00C04F79EFBC}") = "Admin.Demo.Core", "Admin.Demo.Core\Admin.Demo.Core.csproj", "{9528DABF-099F-491D-85CF-E60766B650F6}"
EndProject
Project("{FAE04EC0-301F-11D3-BF4B-00C04F79EFBC}") = "Admin.Demo.Site.Models", "Admin.Demo.Site.Models\Admin.Demo.Site.Models.csproj", "{5089F161-FC16-4DB7-B124-AE021B769D4E}"
EndProject
Project("{FAE04EC0-301F-11D3-BF4B-00C04F79EFBC}") = "Admin.Demo.Site", "Admin..Demo.Site\Admin.Demo.Site.csproj", "{94AD031D-4E3C-4CF1-887E-38F890B8340D}"
EndProject
Project("{FAE04EC0-301F-11D3-BF4B-00C04F79EFBC}") = "Admin", "Admin\Admin.csproj", "{C1CA6F83-1647-46AB-9142-DC3CD46BE35C}"
EndProject
Project("{FAE04EC0-301F-11D3-BF4B-00C04F79EFBC}") = "Admin.Tests", "Admin.Tests\Admin.Tests.csproj", "{DE9191CC-B109-486C-A5C2-1D40B8BAC728}"
EndProject
Project("{FAE04EC0-301F-11D3-BF4B-00C04F79EFBC}") = "Admin.Demo.ISite", "Admin.Demo.ISite\Admin.Demo.ISite.csproj", "{F6E109F5-F06A-4266-B337-5C60161EE3AB}"
EndProject
Project("{FAE04EC0-301F-11D3-BF4B-00C04F79EFBC}") = "Admin.Demo.ICore", "Admin.Demo.ICore\Admin.Demo.ICore.csproj", "{6063EA80-53AE-4B3A-A5AE-7E3D464C85A3}"
EndProject
Global
	GlobalSection(SolutionConfigurationPlatforms) = preSolution
		Debug|Any CPU = Debug|Any CPU
		Release|Any CPU = Release|Any CPU
	EndGlobalSection
	GlobalSection(ProjectConfigurationPlatforms) = postSolution
		{6308FB5E-1639-43B9-8130-7A46F71B2458}.Debug|Any CPU.ActiveCfg = Debug|Any CPU
		{6308FB5E-1639-43B9-8130-7A46F71B2458}.Debug|Any CPU.Build.0 = Debug|Any CPU
		{6308FB5E-1639-43B9-8130-7A46F71B2458}.Release|Any CPU.ActiveCfg = Release|Any CPU
		{6308FB5E-1639-43B9-8130-7A46F71B2458}.Release|Any CPU.Build.0 = Release|Any CPU
		{B2C146C5-1A81-4C9F-A9E8-CD220DD0D45D}.Debug|Any CPU.ActiveCfg = Debug|Any CPU
		{B2C146C5-1A81-4C9F-A9E8-CD220DD0D45D}.Debug|Any CPU.Build.0 = Debug|Any CPU
		{B2C146C5-1A81-4C9F-A9E8-CD220DD0D45D}.Release|Any CPU.ActiveCfg = Release|Any CPU
		{B2C146C5-1A81-4C9F-A9E8-CD220DD0D45D}.Release|Any CPU.Build.0 = Release|Any CPU
		{C839A87A-7A69-4018-96CE-D469BF2748AC}.Debug|Any CPU.ActiveCfg = Debug|Any CPU
		{C839A87A-7A69-4018-96CE-D469BF2748AC}.Debug|Any CPU.Build.0 = Debug|Any CPU
		{C839A87A-7A69-4018-96CE-D469BF2748AC}.Release|Any CPU.ActiveCfg = Release|Any CPU
		{C839A87A-7A69-4018-96CE-D469BF2748AC}.Release|Any CPU.Build.0 = Release|Any CPU
		{AC12686F-0EE8-469F-AFE8-56BC84EB52C3}.Debug|Any CPU.ActiveCfg = Debug|Any CPU
		{AC12686F-0EE8-469F-AFE8-56BC84EB52C3}.Debug|Any CPU.Build.0 = Debug|Any CPU
		{AC12686F-0EE8-469F-AFE8-56BC84EB52C3}.Release|Any CPU.ActiveCfg = Release|Any CPU
		{AC12686F-0EE8-469F-AFE8-56BC84EB52C3}.Release|Any CPU.Build.0 = Release|Any CPU
		{9528DABF-099F-491D-85CF-E60766B650F6}.Debug|Any CPU.ActiveCfg = Debug|Any CPU
		{9528DABF-099F-491D-85CF-E60766B650F6}.Debug|Any CPU.Build.0 = Debug|Any CPU
		{9528DABF-099F-491D-85CF-E60766B650F6}.Release|Any CPU.ActiveCfg = Release|Any CPU
		{9528DABF-099F-491D-85CF-E60766B650F6}.Release|Any CPU.Build.0 = Release|Any CPU
		{5089F161-FC16-4DB7-B124-AE021B769D4E}.Debug|Any CPU.ActiveCfg = Debug|Any CPU
		{5089F161-FC16-4DB7-B124-AE021B769D4E}.Debug|Any CPU.Build.0 = Debug|Any CPU
		{5089F161-FC16-4DB7-B124-AE021B769D4E}.Release|Any CPU.ActiveCfg = Release|Any CPU
		{5089F161-FC16-4DB7-B124-AE021B769D4E}.Release|Any CPU.Build.0 = Release|Any CPU
		{94AD031D-4E3C-4CF1-887E-38F890B8340D}.Debug|Any CPU.ActiveCfg = Debug|Any CPU
		{94AD031D-4E3C-4CF1-887E-38F890B8340D}.Debug|Any CPU.Build.0 = Debug|Any CPU
		{94AD031D-4E3C-4CF1-887E-38F890B8340D}.Release|Any CPU.ActiveCfg = Release|Any CPU
		{94AD031D-4E3C-4CF1-887E-38F890B8340D}.Release|Any CPU.Build.0 = Release|Any CPU
		{C1CA6F83-1647-46AB-9142-DC3CD46BE35C}.Debug|Any CPU.ActiveCfg = Debug|Any CPU
		{C1CA6F83-1647-46AB-9142-DC3CD46BE35C}.Debug|Any CPU.Build.0 = Debug|Any CPU
		{C1CA6F83-1647-46AB-9142-DC3CD46BE35C}.Release|Any CPU.ActiveCfg = Release|Any CPU
		{C1CA6F83-1647-46AB-9142-DC3CD46BE35C}.Release|Any CPU.Build.0 = Release|Any CPU
		{DE9191CC-B109-486C-A5C2-1D40B8BAC728}.Debug|Any CPU.ActiveCfg = Debug|Any CPU
		{DE9191CC-B109-486C-A5C2-1D40B8BAC728}.Debug|Any CPU.Build.0 = Debug|Any CPU
		{DE9191CC-B109-486C-A5C2-1D40B8BAC728}.Release|Any CPU.ActiveCfg = Release|Any CPU
		{DE9191CC-B109-486C-A5C2-1D40B8BAC728}.Release|Any CPU.Build.0 = Release|Any CPU
		{F6E109F5-F06A-4266-B337-5C60161EE3AB}.Debug|Any CPU.ActiveCfg = Debug|Any CPU
		{F6E109F5-F06A-4266-B337-5C60161EE3AB}.Debug|Any CPU.Build.0 = Debug|Any CPU
		{F6E109F5-F06A-4266-B337-5C60161EE3AB}.Release|Any CPU.ActiveCfg = Release|Any CPU
		{F6E109F5-F06A-4266-B337-5C60161EE3AB}.Release|Any CPU.Build.0 = Release|Any CPU
		{6063EA80-53AE-4B3A-A5AE-7E3D464C85A3}.Debug|Any CPU.ActiveCfg = Debug|Any CPU
		{6063EA80-53AE-4B3A-A5AE-7E3D464C85A3}.Debug|Any CPU.Build.0 = Debug|Any CPU
		{6063EA80-53AE-4B3A-A5AE-7E3D464C85A3}.Release|Any CPU.ActiveCfg = Release|Any CPU
		{6063EA80-53AE-4B3A-A5AE-7E3D464C85A3}.Release|Any CPU.Build.0 = Release|Any CPU
	EndGlobalSection
	GlobalSection(SolutionProperties) = preSolution
		HideSolutionNode = FALSE
	EndGlobalSection
	GlobalSection(NestedProjects) = preSolution
		{6308FB5E-1639-43B9-8130-7A46F71B2458} = {4AF6BFA9-A653-40DE-BD38-A1F7AB54705B}
		{B2C146C5-1A81-4C9F-A9E8-CD220DD0D45D} = {4AF6BFA9-A653-40DE-BD38-A1F7AB54705B}
		{C839A87A-7A69-4018-96CE-D469BF2748AC} = {C0E900EA-002F-47C2-835C-F62ECC5EED17}
		{AC12686F-0EE8-469F-AFE8-56BC84EB52C3} = {C0E900EA-002F-47C2-835C-F62ECC5EED17}
		{9528DABF-099F-491D-85CF-E60766B650F6} = {C0E900EA-002F-47C2-835C-F62ECC5EED17}
		{5089F161-FC16-4DB7-B124-AE021B769D4E} = {2811D9D2-38AC-4361-91C6-77A27E59D23E}
		{94AD031D-4E3C-4CF1-887E-38F890B8340D} = {2811D9D2-38AC-4361-91C6-77A27E59D23E}
		{C1CA6F83-1647-46AB-9142-DC3CD46BE35C} = {76A86BB3-3831-45B5-BF9F-949C16E7DC20}
		{DE9191CC-B109-486C-A5C2-1D40B8BAC728} = {76A86BB3-3831-45B5-BF9F-949C16E7DC20}
		{F6E109F5-F06A-4266-B337-5C60161EE3AB} = {2811D9D2-38AC-4361-91C6-77A27E59D23E}
		{6063EA80-53AE-4B3A-A5AE-7E3D464C85A3} = {C0E900EA-002F-47C2-835C-F62ECC5EED17}
	EndGlobalSection
EndGlobal
